
Microsoft Visual Studio Solution File, Format Version 12.00
# Visual Studio Version 16
VisualStudioVersion = 16.0.31911.196
MinimumVisualStudioVersion = 10.0.40219.1
Project("{9092AA53-FB77-4645-B42D-1CCCA6BD08BD}") = "MaddieJumpingGame", "MaddieJumpingGame\MaddieJumpingGame.njsproj", "{E58BF564-5269-425C-88F4-A2E4BD39CF1F}"
EndProject
Global
	GlobalSection(SolutionConfigurationPlatforms) = preSolution
		Debug|Any CPU = Debug|Any CPU
		Release|Any CPU = Release|Any CPU
	EndGlobalSection
	GlobalSection(ProjectConfigurationPlatforms) = postSolution
		{E58BF564-5269-425C-88F4-A2E4BD39CF1F}.Debug|Any CPU.ActiveCfg = Debug|Any CPU
		{E58BF564-5269-425C-88F4-A2E4BD39CF1F}.Debug|Any CPU.Build.0 = Debug|Any CPU
		{E58BF564-5269-425C-88F4-A2E4BD39CF1F}.Release|Any CPU.ActiveCfg = Release|Any CPU
		{E58BF564-5269-425C-88F4-A2E4BD39CF1F}.Release|Any CPU.Build.0 = Release|Any CPU
	EndGlobalSection
	GlobalSection(SolutionProperties) = preSolution
		HideSolutionNode = FALSE
	EndGlobalSection
	GlobalSection(ExtensibilityGlobals) = postSolution
		SolutionGuid = {8FC1F785-F495-4233-9C2F-EC767E4C544B}
	EndGlobalSection
EndGlobal
